{
    "_readme": [
        "This file locks the dependencies of your project to a known state",
        "Read more about it at https://getcomposer.org/doc/01-basic-usage.md#installing-dependencies",
        "This file is @generated automatically"
    ],
    "content-hash": "6cec39a47c84abe137bf76a9bac812df",
    "packages": [
        {
            "name": "santoniothefirst/stack_and_queue",
            "version": "v1.0.5",
            "source": {
                "type": "git",
                "url": "https://github.com/SantonioTheFirst/stack_and_queue.git",
                "reference": "fa261eeba77623ddabd8d5c1a20e0d7cbe6111fb"
            },
            "dist": {
                "type": "zip",
                "url": "https://api.github.com/repos/SantonioTheFirst/stack_and_queue/zipball/fa261eeba77623ddabd8d5c1a20e0d7cbe6111fb",
                "reference": "fa261eeba77623ddabd8d5c1a20e0d7cbe6111fb",
                "shasum": ""
            },
            "require": {
                "php": "^7.2"
            },
            "type": "library",
            "autoload": {
                "psr-4": {
                    "SantonioTheFirst\\Structures\\": "src/class/"
                }
            },
            "notification-url": "https://packagist.org/downloads/",
            "authors": [
                {
                    "name": "santoniothefirst",
                    "email": "santonio123@mail.ru"
                }
            ],
            "time": "2019-04-29T17:05:35+00:00"
        }
    ],
    "packages-dev": [],
    "aliases": [],
    "minimum-stability": "stable",
    "stability-flags": [],
    "prefer-stable": false,
    "prefer-lowest": false,
    "platform": [],
    "platform-dev": []
}
